
Microsoft Visual Studio Solution File, Format Version 12.00
# Visual Studio Version 17
VisualStudioVersion = 17.11.35327.3
MinimumVisualStudioVersion = 10.0.40219.1
Project("{FAE04EC0-301F-11D3-BF4B-00C04F79EFBC}") = "Tumakov", "Tumakov\Tumakov.csproj", "{C39832D3-8C78-4FC9-ADB2-5969245CEB75}"
EndProject
Project("{FAE04EC0-301F-11D3-BF4B-00C04F79EFBC}") = "zadachi", "zadachi\zadachi.csproj", "{8EEBDF07-5F70-441E-97D4-4E6407940CF2}"
EndProject
Global
	GlobalSection(SolutionConfigurationPlatforms) = preSolution
		Debug|Any CPU = Debug|Any CPU
		Release|Any CPU = Release|Any CPU
	EndGlobalSection
	GlobalSection(ProjectConfigurationPlatforms) = postSolution
		{C39832D3-8C78-4FC9-ADB2-5969245CEB75}.Debug|Any CPU.ActiveCfg = Debug|Any CPU
		{C39832D3-8C78-4FC9-ADB2-5969245CEB75}.Debug|Any CPU.Build.0 = Debug|Any CPU
		{C39832D3-8C78-4FC9-ADB2-5969245CEB75}.Release|Any CPU.ActiveCfg = Release|Any CPU
		{C39832D3-8C78-4FC9-ADB2-5969245CEB75}.Release|Any CPU.Build.0 = Release|Any CPU
		{8EEBDF07-5F70-441E-97D4-4E6407940CF2}.Debug|Any CPU.ActiveCfg = Debug|Any CPU
		{8EEBDF07-5F70-441E-97D4-4E6407940CF2}.Debug|Any CPU.Build.0 = Debug|Any CPU
		{8EEBDF07-5F70-441E-97D4-4E6407940CF2}.Release|Any CPU.ActiveCfg = Release|Any CPU
		{8EEBDF07-5F70-441E-97D4-4E6407940CF2}.Release|Any CPU.Build.0 = Release|Any CPU
	EndGlobalSection
	GlobalSection(SolutionProperties) = preSolution
		HideSolutionNode = FALSE
	EndGlobalSection
	GlobalSection(ExtensibilityGlobals) = postSolution
		SolutionGuid = {650664CF-FF3A-4C16-80F6-FA07CE9A95BB}
	EndGlobalSection
EndGlobal
